
Microsoft Visual Studio Solution File, Format Version 12.00
# Visual Studio Version 17
VisualStudioVersion = 17.11.35327.3
MinimumVisualStudioVersion = 10.0.40219.1
Project("{9A19103F-16F7-4668-BE54-9A1E7A4F7556}") = "AvaloniaApplication1", "AvaloniaApplication1\AvaloniaApplication1.csproj", "{5B93D256-8E63-49FC-88F5-61E41E745884}"
EndProject
Project("{9A19103F-16F7-4668-BE54-9A1E7A4F7556}") = "AvaloniaApplication1.Desktop", "AvaloniaApplication1.Desktop\AvaloniaApplication1.Desktop.csproj", "{A2248C7D-6F30-4B11-83F2-37F53C39D50F}"
EndProject
Project("{2150E333-8FDC-42A3-9474-1A3956D46DE8}") = "Solution Items", "Solution Items", "{29E431A2-1604-4D49-B8ED-D1442545EB28}"
	ProjectSection(SolutionItems) = preProject
		Directory.Build.props = Directory.Build.props
	EndProjectSection
EndProject
Global
	GlobalSection(SolutionConfigurationPlatforms) = preSolution
		Debug|Any CPU = Debug|Any CPU
		Release|Any CPU = Release|Any CPU
	EndGlobalSection
	GlobalSection(ProjectConfigurationPlatforms) = postSolution
		{5B93D256-8E63-49FC-88F5-61E41E745884}.Debug|Any CPU.ActiveCfg = Debug|Any CPU
		{5B93D256-8E63-49FC-88F5-61E41E745884}.Debug|Any CPU.Build.0 = Debug|Any CPU
		{5B93D256-8E63-49FC-88F5-61E41E745884}.Release|Any CPU.ActiveCfg = Release|Any CPU
		{5B93D256-8E63-49FC-88F5-61E41E745884}.Release|Any CPU.Build.0 = Release|Any CPU
		{A2248C7D-6F30-4B11-83F2-37F53C39D50F}.Debug|Any CPU.ActiveCfg = Debug|Any CPU
		{A2248C7D-6F30-4B11-83F2-37F53C39D50F}.Debug|Any CPU.Build.0 = Debug|Any CPU
		{A2248C7D-6F30-4B11-83F2-37F53C39D50F}.Release|Any CPU.ActiveCfg = Release|Any CPU
		{A2248C7D-6F30-4B11-83F2-37F53C39D50F}.Release|Any CPU.Build.0 = Release|Any CPU
	EndGlobalSection
	GlobalSection(SolutionProperties) = preSolution
		HideSolutionNode = FALSE
	EndGlobalSection
	GlobalSection(ExtensibilityGlobals) = postSolution
		SolutionGuid = {B2B043D0-EDF0-496C-9438-6D0D5260935F}
	EndGlobalSection
EndGlobal
